
Microsoft Visual Studio Solution File, Format Version 12.00
# Visual Studio Version 17
VisualStudioVersion = 17.0.31903.59
MinimumVisualStudioVersion = 10.0.40219.1
Project("{2150E333-8FDC-42A3-9474-1A3956D46DE8}") = "src", "src", "{827E0CD3-B72D-47B6-A68D-7590B98EB39B}"
EndProject
Project("{FAE04EC0-301F-11D3-BF4B-00C04F79EFBC}") = "MediPOS.Api", "src\MediPOS.Api\MediPOS.Api.csproj", "{3B72EC30-95C1-4C4E-A9AF-6DFA3DE0AAD0}"
EndProject
Project("{FAE04EC0-301F-11D3-BF4B-00C04F79EFBC}") = "MediPOS.Application", "src\MediPOS.Application\MediPOS.Application.csproj", "{BCCF2746-7C2A-4BD3-A437-1BE5C2A7789B}"
EndProject
Project("{FAE04EC0-301F-11D3-BF4B-00C04F79EFBC}") = "MediPOS.Domain", "src\MediPOS.Domain\MediPOS.Domain.csproj", "{B94A61C2-AAD5-4A81-A72E-DE5127C03860}"
EndProject
Project("{FAE04EC0-301F-11D3-BF4B-00C04F79EFBC}") = "MediPOS.SharedKernel", "src\MediPOS.SharedKernel\MediPOS.SharedKernel.csproj", "{804A81AA-6DB2-471A-8FD5-5687B8BE896D}"
EndProject
Project("{FAE04EC0-301F-11D3-BF4B-00C04F79EFBC}") = "MediPOS.Infrastructure", "src\MediPOS.Infrastructure\MediPOS.Infrastructure.csproj", "{9ABAFA43-4548-44F5-B405-7747E529F061}"
EndProject
Project("{2150E333-8FDC-42A3-9474-1A3956D46DE8}") = "tests", "tests", "{0AB3BF05-4346-4AA6-1389-037BE0695223}"
EndProject
Project("{FAE04EC0-301F-11D3-BF4B-00C04F79EFBC}") = "MediPOS.ArchitectureTests", "tests\MediPOS.ArchitectureTests\MediPOS.ArchitectureTests.csproj", "{4285B5A5-4262-499E-8C15-DCA8FF08F8A3}"
EndProject
Project("{FAE04EC0-301F-11D3-BF4B-00C04F79EFBC}") = "MediPOS.IntegrationTests", "tests\MediPOS.IntegrationTests\MediPOS.IntegrationTests.csproj", "{D55D1E9E-B0AE-43BF-A8C8-52FF679BE49D}"
EndProject
Project("{FAE04EC0-301F-11D3-BF4B-00C04F79EFBC}") = "MediPOS.UnitTests", "tests\MediPOS.UnitTests\MediPOS.UnitTests.csproj", "{70932178-7DE8-46BC-AD50-2FC7580C3660}"
EndProject
Global
	GlobalSection(SolutionConfigurationPlatforms) = preSolution
		Debug|Any CPU = Debug|Any CPU
		Debug|x64 = Debug|x64
		Debug|x86 = Debug|x86
		Release|Any CPU = Release|Any CPU
		Release|x64 = Release|x64
		Release|x86 = Release|x86
	EndGlobalSection
	GlobalSection(ProjectConfigurationPlatforms) = postSolution
		{3B72EC30-95C1-4C4E-A9AF-6DFA3DE0AAD0}.Debug|Any CPU.ActiveCfg = Debug|Any CPU
		{3B72EC30-95C1-4C4E-A9AF-6DFA3DE0AAD0}.Debug|Any CPU.Build.0 = Debug|Any CPU
		{3B72EC30-95C1-4C4E-A9AF-6DFA3DE0AAD0}.Debug|x64.ActiveCfg = Debug|Any CPU
		{3B72EC30-95C1-4C4E-A9AF-6DFA3DE0AAD0}.Debug|x64.Build.0 = Debug|Any CPU
		{3B72EC30-95C1-4C4E-A9AF-6DFA3DE0AAD0}.Debug|x86.ActiveCfg = Debug|Any CPU
		{3B72EC30-95C1-4C4E-A9AF-6DFA3DE0AAD0}.Debug|x86.Build.0 = Debug|Any CPU
		{3B72EC30-95C1-4C4E-A9AF-6DFA3DE0AAD0}.Release|Any CPU.ActiveCfg = Release|Any CPU
		{3B72EC30-95C1-4C4E-A9AF-6DFA3DE0AAD0}.Release|Any CPU.Build.0 = Release|Any CPU
		{3B72EC30-95C1-4C4E-A9AF-6DFA3DE0AAD0}.Release|x64.ActiveCfg = Release|Any CPU
		{3B72EC30-95C1-4C4E-A9AF-6DFA3DE0AAD0}.Release|x64.Build.0 = Release|Any CPU
		{3B72EC30-95C1-4C4E-A9AF-6DFA3DE0AAD0}.Release|x86.ActiveCfg = Release|Any CPU
		{3B72EC30-95C1-4C4E-A9AF-6DFA3DE0AAD0}.Release|x86.Build.0 = Release|Any CPU
		{BCCF2746-7C2A-4BD3-A437-1BE5C2A7789B}.Debug|Any CPU.ActiveCfg = Debug|Any CPU
		{BCCF2746-7C2A-4BD3-A437-1BE5C2A7789B}.Debug|Any CPU.Build.0 = Debug|Any CPU
		{BCCF2746-7C2A-4BD3-A437-1BE5C2A7789B}.Debug|x64.ActiveCfg = Debug|Any CPU
		{BCCF2746-7C2A-4BD3-A437-1BE5C2A7789B}.Debug|x64.Build.0 = Debug|Any CPU
		{BCCF2746-7C2A-4BD3-A437-1BE5C2A7789B}.Debug|x86.ActiveCfg = Debug|Any CPU
		{BCCF2746-7C2A-4BD3-A437-1BE5C2A7789B}.Debug|x86.Build.0 = Debug|Any CPU
		{BCCF2746-7C2A-4BD3-A437-1BE5C2A7789B}.Release|Any CPU.ActiveCfg = Release|Any CPU
		{BCCF2746-7C2A-4BD3-A437-1BE5C2A7789B}.Release|Any CPU.Build.0 = Release|Any CPU
		{BCCF2746-7C2A-4BD3-A437-1BE5C2A7789B}.Release|x64.ActiveCfg = Release|Any CPU
		{BCCF2746-7C2A-4BD3-A437-1BE5C2A7789B}.Release|x64.Build.0 = Release|Any CPU
		{BCCF2746-7C2A-4BD3-A437-1BE5C2A7789B}.Release|x86.ActiveCfg = Release|Any CPU
		{BCCF2746-7C2A-4BD3-A437-1BE5C2A7789B}.Release|x86.Build.0 = Release|Any CPU
		{B94A61C2-AAD5-4A81-A72E-DE5127C03860}.Debug|Any CPU.ActiveCfg = Debug|Any CPU
		{B94A61C2-AAD5-4A81-A72E-DE5127C03860}.Debug|Any CPU.Build.0 = Debug|Any CPU
		{B94A61C2-AAD5-4A81-A72E-DE5127C03860}.Debug|x64.ActiveCfg = Debug|Any CPU
		{B94A61C2-AAD5-4A81-A72E-DE5127C03860}.Debug|x64.Build.0 = Debug|Any CPU
		{B94A61C2-AAD5-4A81-A72E-DE5127C03860}.Debug|x86.ActiveCfg = Debug|Any CPU
		{B94A61C2-AAD5-4A81-A72E-DE5127C03860}.Debug|x86.Build.0 = Debug|Any CPU
		{B94A61C2-AAD5-4A81-A72E-DE5127C03860}.Release|Any CPU.ActiveCfg = Release|Any CPU
		{B94A61C2-AAD5-4A81-A72E-DE5127C03860}.Release|Any CPU.Build.0 = Release|Any CPU
		{B94A61C2-AAD5-4A81-A72E-DE5127C03860}.Release|x64.ActiveCfg = Release|Any CPU
		{B94A61C2-AAD5-4A81-A72E-DE5127C03860}.Release|x64.Build.0 = Release|Any CPU
		{B94A61C2-AAD5-4A81-A72E-DE5127C03860}.Release|x86.ActiveCfg = Release|Any CPU
		{B94A61C2-AAD5-4A81-A72E-DE5127C03860}.Release|x86.Build.0 = Release|Any CPU
		{804A81AA-6DB2-471A-8FD5-5687B8BE896D}.Debug|Any CPU.ActiveCfg = Debug|Any CPU
		{804A81AA-6DB2-471A-8FD5-5687B8BE896D}.Debug|Any CPU.Build.0 = Debug|Any CPU
		{804A81AA-6DB2-471A-8FD5-5687B8BE896D}.Debug|x64.ActiveCfg = Debug|Any CPU
		{804A81AA-6DB2-471A-8FD5-5687B8BE896D}.Debug|x64.Build.0 = Debug|Any CPU
		{804A81AA-6DB2-471A-8FD5-5687B8BE896D}.Debug|x86.ActiveCfg = Debug|Any CPU
		{804A81AA-6DB2-471A-8FD5-5687B8BE896D}.Debug|x86.Build.0 = Debug|Any CPU
		{804A81AA-6DB2-471A-8FD5-5687B8BE896D}.Release|Any CPU.ActiveCfg = Release|Any CPU
		{804A81AA-6DB2-471A-8FD5-5687B8BE896D}.Release|Any CPU.Build.0 = Release|Any CPU
		{804A81AA-6DB2-471A-8FD5-5687B8BE896D}.Release|x64.ActiveCfg = Release|Any CPU
		{804A81AA-6DB2-471A-8FD5-5687B8BE896D}.Release|x64.Build.0 = Release|Any CPU
		{804A81AA-6DB2-471A-8FD5-5687B8BE896D}.Release|x86.ActiveCfg = Release|Any CPU
		{804A81AA-6DB2-471A-8FD5-5687B8BE896D}.Release|x86.Build.0 = Release|Any CPU
		{9ABAFA43-4548-44F5-B405-7747E529F061}.Debug|Any CPU.ActiveCfg = Debug|Any CPU
		{9ABAFA43-4548-44F5-B405-7747E529F061}.Debug|Any CPU.Build.0 = Debug|Any CPU
		{9ABAFA43-4548-44F5-B405-7747E529F061}.Debug|x64.ActiveCfg = Debug|Any CPU
		{9ABAFA43-4548-44F5-B405-7747E529F061}.Debug|x64.Build.0 = Debug|Any CPU
		{9ABAFA43-4548-44F5-B405-7747E529F061}.Debug|x86.ActiveCfg = Debug|Any CPU
		{9ABAFA43-4548-44F5-B405-7747E529F061}.Debug|x86.Build.0 = Debug|Any CPU
		{9ABAFA43-4548-44F5-B405-7747E529F061}.Release|Any CPU.ActiveCfg = Release|Any CPU
		{9ABAFA43-4548-44F5-B405-7747E529F061}.Release|Any CPU.Build.0 = Release|Any CPU
		{9ABAFA43-4548-44F5-B405-7747E529F061}.Release|x64.ActiveCfg = Release|Any CPU
		{9ABAFA43-4548-44F5-B405-7747E529F061}.Release|x64.Build.0 = Release|Any CPU
		{9ABAFA43-4548-44F5-B405-7747E529F061}.Release|x86.ActiveCfg = Release|Any CPU
		{9ABAFA43-4548-44F5-B405-7747E529F061}.Release|x86.Build.0 = Release|Any CPU
		{4285B5A5-4262-499E-8C15-DCA8FF08F8A3}.Debug|Any CPU.ActiveCfg = Debug|Any CPU
		{4285B5A5-4262-499E-8C15-DCA8FF08F8A3}.Debug|Any CPU.Build.0 = Debug|Any CPU
		{4285B5A5-4262-499E-8C15-DCA8FF08F8A3}.Debug|x64.ActiveCfg = Debug|Any CPU
		{4285B5A5-4262-499E-8C15-DCA8FF08F8A3}.Debug|x64.Build.0 = Debug|Any CPU
		{4285B5A5-4262-499E-8C15-DCA8FF08F8A3}.Debug|x86.ActiveCfg = Debug|Any CPU
		{4285B5A5-4262-499E-8C15-DCA8FF08F8A3}.Debug|x86.Build.0 = Debug|Any CPU
		{4285B5A5-4262-499E-8C15-DCA8FF08F8A3}.Release|Any CPU.ActiveCfg = Release|Any CPU
		{4285B5A5-4262-499E-8C15-DCA8FF08F8A3}.Release|Any CPU.Build.0 = Release|Any CPU
		{4285B5A5-4262-499E-8C15-DCA8FF08F8A3}.Release|x64.ActiveCfg = Release|Any CPU
		{4285B5A5-4262-499E-8C15-DCA8FF08F8A3}.Release|x64.Build.0 = Release|Any CPU
		{4285B5A5-4262-499E-8C15-DCA8FF08F8A3}.Release|x86.ActiveCfg = Release|Any CPU
		{4285B5A5-4262-499E-8C15-DCA8FF08F8A3}.Release|x86.Build.0 = Release|Any CPU
		{D55D1E9E-B0AE-43BF-A8C8-52FF679BE49D}.Debug|Any CPU.ActiveCfg = Debug|Any CPU
		{D55D1E9E-B0AE-43BF-A8C8-52FF679BE49D}.Debug|Any CPU.Build.0 = Debug|Any CPU
		{D55D1E9E-B0AE-43BF-A8C8-52FF679BE49D}.Debug|x64.ActiveCfg = Debug|Any CPU
		{D55D1E9E-B0AE-43BF-A8C8-52FF679BE49D}.Debug|x64.Build.0 = Debug|Any CPU
		{D55D1E9E-B0AE-43BF-A8C8-52FF679BE49D}.Debug|x86.ActiveCfg = Debug|Any CPU
		{D55D1E9E-B0AE-43BF-A8C8-52FF679BE49D}.Debug|x86.Build.0 = Debug|Any CPU
		{D55D1E9E-B0AE-43BF-A8C8-52FF679BE49D}.Release|Any CPU.ActiveCfg = Release|Any CPU
		{D55D1E9E-B0AE-43BF-A8C8-52FF679BE49D}.Release|Any CPU.Build.0 = Release|Any CPU
		{D55D1E9E-B0AE-43BF-A8C8-52FF679BE49D}.Release|x64.ActiveCfg = Release|Any CPU
		{D55D1E9E-B0AE-43BF-A8C8-52FF679BE49D}.Release|x64.Build.0 = Release|Any CPU
		{D55D1E9E-B0AE-43BF-A8C8-52FF679BE49D}.Release|x86.ActiveCfg = Release|Any CPU
		{D55D1E9E-B0AE-43BF-A8C8-52FF679BE49D}.Release|x86.Build.0 = Release|Any CPU
		{70932178-7DE8-46BC-AD50-2FC7580C3660}.Debug|Any CPU.ActiveCfg = Debug|Any CPU
		{70932178-7DE8-46BC-AD50-2FC7580C3660}.Debug|Any CPU.Build.0 = Debug|Any CPU
		{70932178-7DE8-46BC-AD50-2FC7580C3660}.Debug|x64.ActiveCfg = Debug|Any CPU
		{70932178-7DE8-46BC-AD50-2FC7580C3660}.Debug|x64.Build.0 = Debug|Any CPU
		{70932178-7DE8-46BC-AD50-2FC7580C3660}.Debug|x86.ActiveCfg = Debug|Any CPU
		{70932178-7DE8-46BC-AD50-2FC7580C3660}.Debug|x86.Build.0 = Debug|Any CPU
		{70932178-7DE8-46BC-AD50-2FC7580C3660}.Release|Any CPU.ActiveCfg = Release|Any CPU
		{70932178-7DE8-46BC-AD50-2FC7580C3660}.Release|Any CPU.Build.0 = Release|Any CPU
		{70932178-7DE8-46BC-AD50-2FC7580C3660}.Release|x64.ActiveCfg = Release|Any CPU
		{70932178-7DE8-46BC-AD50-2FC7580C3660}.Release|x64.Build.0 = Release|Any CPU
		{70932178-7DE8-46BC-AD50-2FC7580C3660}.Release|x86.ActiveCfg = Release|Any CPU
		{70932178-7DE8-46BC-AD50-2FC7580C3660}.Release|x86.Build.0 = Release|Any CPU
	EndGlobalSection
	GlobalSection(SolutionProperties) = preSolution
		HideSolutionNode = FALSE
	EndGlobalSection
	GlobalSection(NestedProjects) = preSolution
		{3B72EC30-95C1-4C4E-A9AF-6DFA3DE0AAD0} = {827E0CD3-B72D-47B6-A68D-7590B98EB39B}
		{BCCF2746-7C2A-4BD3-A437-1BE5C2A7789B} = {827E0CD3-B72D-47B6-A68D-7590B98EB39B}
		{B94A61C2-AAD5-4A81-A72E-DE5127C03860} = {827E0CD3-B72D-47B6-A68D-7590B98EB39B}
		{804A81AA-6DB2-471A-8FD5-5687B8BE896D} = {827E0CD3-B72D-47B6-A68D-7590B98EB39B}
		{9ABAFA43-4548-44F5-B405-7747E529F061} = {827E0CD3-B72D-47B6-A68D-7590B98EB39B}
		{4285B5A5-4262-499E-8C15-DCA8FF08F8A3} = {0AB3BF05-4346-4AA6-1389-037BE0695223}
		{D55D1E9E-B0AE-43BF-A8C8-52FF679BE49D} = {0AB3BF05-4346-4AA6-1389-037BE0695223}
		{70932178-7DE8-46BC-AD50-2FC7580C3660} = {0AB3BF05-4346-4AA6-1389-037BE0695223}
	EndGlobalSection
EndGlobal
